
Microsoft Visual Studio Solution File, Format Version 12.00
# Visual Studio 15
VisualStudioVersion = 15.0.28307.421
MinimumVisualStudioVersion = 10.0.40219.1
Project("{FAE04EC0-301F-11D3-BF4B-00C04F79EFBC}") = "RentalKendaraan_042", "RentalKendaraan_042\RentalKendaraan_042.csproj", "{7AD41A23-6B2A-4FAF-A79D-9D6CA607BC67}"
EndProject
Global
	GlobalSection(SolutionConfigurationPlatforms) = preSolution
		Debug|Any CPU = Debug|Any CPU
		Release|Any CPU = Release|Any CPU
	EndGlobalSection
	GlobalSection(ProjectConfigurationPlatforms) = postSolution
		{7AD41A23-6B2A-4FAF-A79D-9D6CA607BC67}.Debug|Any CPU.ActiveCfg = Debug|Any CPU
		{7AD41A23-6B2A-4FAF-A79D-9D6CA607BC67}.Debug|Any CPU.Build.0 = Debug|Any CPU
		{7AD41A23-6B2A-4FAF-A79D-9D6CA607BC67}.Release|Any CPU.ActiveCfg = Release|Any CPU
		{7AD41A23-6B2A-4FAF-A79D-9D6CA607BC67}.Release|Any CPU.Build.0 = Release|Any CPU
	EndGlobalSection
	GlobalSection(SolutionProperties) = preSolution
		HideSolutionNode = FALSE
	EndGlobalSection
	GlobalSection(ExtensibilityGlobals) = postSolution
		SolutionGuid = {57AD7F72-33E6-4E2C-B0EB-2C4AA12AE951}
	EndGlobalSection
EndGlobal
